// !$*UTF8*$!
{
	archiveVersion = 1;
	classes = {
	};
	objectVersion = 46;
	objects = {

/* Begin PBXBuildFile section */
		455023AD1A381B8600001A94 /* main.m in Sources */ = {isa = PBXBuildFile; fileRef = 455023AC1A381B8600001A94 /* main.m */; };
		455023B01A381B8600001A94 /* AppDelegate.m in Sources */ = {isa = PBXBuildFile; fileRef = 455023AF1A381B8600001A94 /* AppDelegate.m */; };
		455023B31A381B8700001A94 /* ViewController.m in Sources */ = {isa = PBXBuildFile; fileRef = 455023B21A381B8700001A94 /* ViewController.m */; };
		455023B81A381B8700001A94 /* Images.xcassets in Resources */ = {isa = PBXBuildFile; fileRef = 455023B71A381B8700001A94 /* Images.xcassets */; };
		455023BB1A381B8700001A94 /* LaunchScreen.xib in Resources */ = {isa = PBXBuildFile; fileRef = 455023B91A381B8700001A94 /* LaunchScreen.xib */; };
		455023C71A381B8700001A94 /* Nerdfeed_tutorialTests.m in Sources */ = {isa = PBXBuildFile; fileRef = 455023C61A381B8700001A94 /* Nerdfeed_tutorialTests.m */; };
/* End PBXBuildFile section */

/* Begin PBXContainerItemProxy section */
		455023C11A381B8700001A94 /* PBXContainerItemProxy */ = {
			isa = PBXContainerItemProxy;
			containerPortal = 4550239F1A381B8600001A94 /* Project object */;
			proxyType = 1;
			remoteGlobalIDString = 455023A61A381B8600001A94;
			remoteInfo = Nerdfeed_tutorial;
		};
/* End PBXContainerItemProxy section */

/* Begin PBXFileReference section */
		455023A71A381B8600001A94 /* Nerdfeed_tutorial.app */ = {isa = PBXFileReference; explicitFileType = wrapper.application; includeInIndex = 0; path = Nerdfeed_tutorial.app; sourceTree = BUILT_PRODUCTS_DIR; };
		455023AB1A381B8600001A94 /* Info.plist */ = {isa = PBXFileReference; lastKnownFileType = text.plist.xml; path = Info.plist; sourceTree = "<group>"; };
		455023AC1A381B8600001A94 /* main.m */ = {isa = PBXFileReference; lastKnownFileType = sourcecode.c.objc; path = main.m; sourceTree = "<group>"; };
		455023AE1A381B8600001A94 /* AppDelegate.h */ = {isa = PBXFileReference; lastKnownFileType = sourcecode.c.h; path = AppDelegate.h; sourceTree = "<group>"; };
		455023AF1A381B8600001A94 /* AppDelegate.m */ = {isa = PBXFileReference; lastKnownFileType = sourcecode.c.objc; path = AppDelegate.m; sourceTree = "<group>"; };
		455023B11A381B8700001A94 /* ViewController.h */ = {isa = PBXFileReference; lastKnownFileType = sourcecode.c.h; path = ViewController.h; sourceTree = "<group>"; };
		455023B21A381B8700001A94 /* ViewController.m */ = {isa = PBXFileReference; lastKnownFileType = sourcecode.c.objc; path = ViewController.m; sourceTree = "<group>"; };
		455023B71A381B8700001A94 /* Images.xcassets */ = {isa = PBXFileReference; lastKnownFileType = folder.assetcatalog; path = Images.xcassets; sourceTree = "<group>"; };
		455023BA1A381B8700001A94 /* Base */ = {isa = PBXFileReference; lastKnownFileType = file.xib; name = Base; path = Base.lproj/LaunchScreen.xib; sourceTree = "<group>"; };
		455023C01A381B8700001A94 /* Nerdfeed_tutorialTests.xctest */ = {isa = PBXFileReference; explicitFileType = wrapper.cfbundle; includeInIndex = 0; path = Nerdfeed_tutorialTests.xctest; sourceTree = BUILT_PRODUCTS_DIR; };
		455023C51A381B8700001A94 /* Info.plist */ = {isa = PBXFileReference; lastKnownFileType = text.plist.xml; path = Info.plist; sourceTree = "<group>"; };
		455023C61A381B8700001A94 /* Nerdfeed_tutorialTests.m */ = {isa = PBXFileReference; lastKnownFileType = sourcecode.c.objc; path = Nerdfeed_tutorialTests.m; sourceTree = "<group>"; };
/* End PBXFileReference section */

/* Begin PBXFrameworksBuildPhase section */
		455023A41A381B8600001A94 /* Frameworks */ = {
			isa = PBXFrameworksBuildPhase;
			buildActionMask = 2147483647;
			files = (
			);
			runOnlyForDeploymentPostprocessing = 0;
		};
		455023BD1A381B8700001A94 /* Frameworks */ = {
			isa = PBXFrameworksBuildPhase;
			buildActionMask = 2147483647;
			files = (
			);
			runOnlyForDeploymentPostprocessing = 0;
		};
/* End PBXFrameworksBuildPhase section */

/* Begin PBXGroup section */
		4550239E1A381B8600001A94 = {
			isa = PBXGroup;
			children = (
				455023A91A381B8600001A94 /* Nerdfeed_tutorial */,
				455023C31A381B8700001A94 /* Nerdfeed_tutorialTests */,
				455023A81A381B8600001A94 /* Products */,
			);
			sourceTree = "<group>";
		};
		455023A81A381B8600001A94 /* Products */ = {
			isa = PBXGroup;
			children = (
				455023A71A381B8600001A94 /* Nerdfeed_tutorial.app */,
				455023C01A381B8700001A94 /* Nerdfeed_tutorialTests.xctest */,
			);
			name = Products;
			sourceTree = "<group>";
		};
		455023A91A381B8600001A94 /* Nerdfeed_tutorial */ = {
			isa = PBXGroup;
			children = (
				455023AE1A381B8600001A94 /* AppDelegate.h */,
				455023AF1A381B8600001A94 /* AppDelegate.m */,
				455023B11A381B8700001A94 /* ViewController.h */,
				455023B21A381B8700001A94 /* ViewController.m */,
				455023B71A381B8700001A94 /* Images.xcassets */,
				455023B91A381B8700001A94 /* LaunchScreen.xib */,
				455023AA1A381B8600001A94 /* Supporting Files */,
			);
			path = Nerdfeed_tutorial;
			sourceTree = "<group>";
		};
		455023AA1A381B8600001A94 /* Supporting Files */ = {
			isa = PBXGroup;
			children = (
				455023AB1A381B8600001A94 /* Info.plist */,
				455023AC1A381B8600001A94 /* main.m */,
			);
			name = "Supporting Files";
			sourceTree = "<group>";
		};
		455023C31A381B8700001A94 /* Nerdfeed_tutorialTests */ = {
			isa = PBXGroup;
			children = (
				455023C61A381B8700001A94 /* Nerdfeed_tutorialTests.m */,
				455023C41A381B8700001A94 /* Supporting Files */,
			);
			path = Nerdfeed_tutorialTests;
			sourceTree = "<group>";
		};
		455023C41A381B8700001A94 /* Supporting Files */ = {
			isa = PBXGroup;
			children = (
				455023C51A381B8700001A94 /* Info.plist */,
			);
			name = "Supporting Files";
			sourceTree = "<group>";
		};
/* End PBXGroup section */

/* Begin PBXNativeTarget section */
		455023A61A381B8600001A94 /* Nerdfeed_tutorial */ = {
			isa = PBXNativeTarget;
			buildConfigurationList = 455023CA1A381B8700001A94 /* Build configuration list for PBXNativeTarget "Nerdfeed_tutorial" */;
			buildPhases = (
				455023A31A381B8600001A94 /* Sources */,
				455023A41A381B8600001A94 /* Frameworks */,
				455023A51A381B8600001A94 /* Resources */,
			);
			buildRules = (
			);
			dependencies = (
			);
			name = Nerdfeed_tutorial;
			productName = Nerdfeed_tutorial;
			productReference = 455023A71A381B8600001A94 /* Nerdfeed_tutorial.app */;
			productType = "com.apple.product-type.application";
		};
		455023BF1A381B8700001A94 /* Nerdfeed_tutorialTests */ = {
			isa = PBXNativeTarget;
			buildConfigurationList = 455023CD1A381B8700001A94 /* Build configuration list for PBXNativeTarget "Nerdfeed_tutorialTests" */;
			buildPhases = (
				455023BC1A381B8700001A94 /* Sources */,
				455023BD1A381B8700001A94 /* Frameworks */,
				455023BE1A381B8700001A94 /* Resources */,
			);
			buildRules = (
			);
			dependencies = (
				455023C21A381B8700001A94 /* PBXTargetDependency */,
			);
			name = Nerdfeed_tutorialTests;
			productName = Nerdfeed_tutorialTests;
			productReference = 455023C01A381B8700001A94 /* Nerdfeed_tutorialTests.xctest */;
			productType = "com.apple.product-type.bundle.unit-test";
		};
/* End PBXNativeTarget section */

/* Begin PBXProject section */
		4550239F1A381B8600001A94 /* Project object */ = {
			isa = PBXProject;
			attributes = {
				LastUpgradeCheck = 0610;
				ORGANIZATIONNAME = "Big Nerd Ranch";
				TargetAttributes = {
					455023A61A381B8600001A94 = {
						CreatedOnToolsVersion = 6.1.1;
					};
					455023BF1A381B8700001A94 = {
						CreatedOnToolsVersion = 6.1.1;
						TestTargetID = 455023A61A381B8600001A94;
					};
				};
			};
			buildConfigurationList = 455023A21A381B8600001A94 /* Build configuration list for PBXProject "Nerdfeed_tutorial" */;
			compatibilityVersion = "Xcode 3.2";
			developmentRegion = English;
			hasScannedForEncodings = 0;
			knownRegions = (
				en,
				Base,
			);
			mainGroup = 4550239E1A381B8600001A94;
			productRefGroup = 455023A81A381B8600001A94 /* Products */;
			projectDirPath = "";
			projectRoot = "";
			targets = (
				455023A61A381B8600001A94 /* Nerdfeed_tutorial */,
				455023BF1A381B8700001A94 /* Nerdfeed_tutorialTests */,
			);
		};
/* End PBXProject section */

/* Begin PBXResourcesBuildPhase section */
		455023A51A381B8600001A94 /* Resources */ = {
			isa = PBXResourcesBuildPhase;
			buildActionMask = 2147483647;
			files = (
				455023BB1A381B8700001A94 /* LaunchScreen.xib in Resources */,
				455023B81A381B8700001A94 /* Images.xcassets in Resources */,
			);
			runOnlyForDeploymentPostprocessing = 0;
		};
		455023BE1A381B8700001A94 /* Resources */ = {
			isa = PBXResourcesBuildPhase;
			buildActionMask = 2147483647;
			files = (
			);
			runOnlyForDeploymentPostprocessing = 0;
		};
/* End PBXResourcesBuildPhase section */

/* Begin PBXSourcesBuildPhase section */
		455023A31A381B8600001A94 /* Sources */ = {
			isa = PBXSourcesBuildPhase;
			buildActionMask = 2147483647;
			files = (
				455023B31A381B8700001A94 /* ViewController.m in Sources */,
				455023B01A381B8600001A94 /* AppDelegate.m in Sources */,
				455023AD1A381B8600001A94 /* main.m in Sources */,
			);
			runOnlyForDeploymentPostprocessing = 0;
		};
		455023BC1A381B8700001A94 /* Sources */ = {
			isa = PBXSourcesBuildPhase;
			buildActionMask = 2147483647;
			files = (
				455023C71A381B8700001A94 /* Nerdfeed_tutorialTests.m in Sources */,
			);
			runOnlyForDeploymentPostprocessing = 0;
		};
/* End PBXSourcesBuildPhase section */

/* Begin PBXTargetDependency section */
		455023C21A381B8700001A94 /* PBXTargetDependency */ = {
			isa = PBXTargetDependency;
			target = 455023A61A381B8600001A94 /* Nerdfeed_tutorial */;
			targetProxy = 455023C11A381B8700001A94 /* PBXContainerItemProxy */;
		};
/* End PBXTargetDependency section */

/* Begin PBXVariantGroup section */
		455023B91A381B8700001A94 /* LaunchScreen.xib */ = {
			isa = PBXVariantGroup;
			children = (
				455023BA1A381B8700001A94 /* Base */,
			);
			name = LaunchScreen.xib;
			sourceTree = "<group>";
		};
/* End PBXVariantGroup section */

/* Begin XCBuildConfiguration section */
		455023C81A381B8700001A94 /* Debug */ = {
			isa = XCBuildConfiguration;
			buildSettings = {
				ALWAYS_SEARCH_USER_PATHS = NO;
				CLANG_CXX_LANGUAGE_STANDARD = "gnu++0x";
				CLANG_CXX_LIBRARY = "libc++";
				CLANG_ENABLE_MODULES = YES;
				CLANG_ENABLE_OBJC_ARC = YES;
				CLANG_WARN_BOOL_CONVERSION = YES;
				CLANG_WARN_CONSTANT_CONVERSION = YES;
				CLANG_WARN_DIRECT_OBJC_ISA_USAGE = YES_ERROR;
				CLANG_WARN_EMPTY_BODY = YES;
				CLANG_WARN_ENUM_CONVERSION = YES;
				CLANG_WARN_INT_CONVERSION = YES;
				CLANG_WARN_OBJC_ROOT_CLASS = YES_ERROR;
				CLANG_WARN_UNREACHABLE_CODE = YES;
				CLANG_WARN__DUPLICATE_METHOD_MATCH = YES;
				"CODE_SIGN_IDENTITY[sdk=iphoneos*]" = "iPhone Developer";
				COPY_PHASE_STRIP = NO;
				ENABLE_STRICT_OBJC_MSGSEND = YES;
				GCC_C_LANGUAGE_STANDARD = gnu99;
				GCC_DYNAMIC_NO_PIC = NO;
				GCC_OPTIMIZATION_LEVEL = 0;
				GCC_PREPROCESSOR_DEFINITIONS = (
					"DEBUG=1",
					"$(inherited)",
				);
				GCC_SYMBOLS_PRIVATE_EXTERN = NO;
				GCC_WARN_64_TO_32_BIT_CONVERSION = YES;
				GCC_WARN_ABOUT_RETURN_TYPE = YES_ERROR;
				GCC_WARN_UNDECLARED_SELECTOR = YES;
				GCC_WARN_UNINITIALIZED_AUTOS = YES_AGGRESSIVE;
				GCC_WARN_UNUSED_FUNCTION = YES;
				GCC_WARN_UNUSED_VARIABLE = YES;
				IPHONEOS_DEPLOYMENT_TARGET = 8.1;
				MTL_ENABLE_DEBUG_INFO = YES;
				ONLY_ACTIVE_ARCH = YES;
				SDKROOT = iphoneos;
				TARGETED_DEVICE_FAMILY = 2;
			};
			name = Debug;
		};
		455023C91A381B8700001A94 /* Release */ = {
			isa = XCBuildConfiguration;
			buildSettings = {
				ALWAYS_SEARCH_USER_PATHS = NO;
				CLANG_CXX_LANGUAGE_STANDARD = "gnu++0x";
				CLANG_CXX_LIBRARY = "libc++";
				CLANG_ENABLE_MODULES = YES;
				CLANG_ENABLE_OBJC_ARC = YES;
				CLANG_WARN_BOOL_CONVERSION = YES;
				CLANG_WARN_CONSTANT_CONVERSION = YES;
				CLANG_WARN_DIRECT_OBJC_ISA_USAGE = YES_ERROR;
				CLANG_WARN_EMPTY_BODY = YES;
				CLANG_WARN_ENUM_CONVERSION = YES;
				CLANG_WARN_INT_CONVERSION = YES;
				CLANG_WARN_OBJC_ROOT_CLASS = YES_ERROR;
				CLANG_WARN_UNREACHABLE_CODE = YES;
				CLANG_WARN__DUPLICATE_METHOD_MATCH = YES;
				"CODE_SIGN_IDENTITY[sdk=iphoneos*]" = "iPhone Developer";
				COPY_PHASE_STRIP = YES;
				ENABLE_NS_ASSERTIONS = NO;
				ENABLE_STRICT_OBJC_MSGSEND = YES;
				GCC_C_LANGUAGE_STANDARD = gnu99;
				GCC_WARN_64_TO_32_BIT_CONVERSION = YES;
				GCC_WARN_ABOUT_RETURN_TYPE = YES_ERROR;
				GCC_WARN_UNDECLARED_SELECTOR = YES;
				GCC_WARN_UNINITIALIZED_AUTOS = YES_AGGRESSIVE;
				GCC_WARN_UNUSED_FUNCTION = YES;
				GCC_WARN_UNUSED_VARIABLE = YES;
				IPHONEOS_DEPLOYMENT_TARGET = 8.1;
				MTL_ENABLE_DEBUG_INFO = NO;
				SDKROOT = iphoneos;
				TARGETED_DEVICE_FAMILY = 2;
				VALIDATE_PRODUCT = YES;
			};
			name = Release;
		};
		455023CB1A381B8700001A94 /* Debug */ = {
			isa = XCBuildConfiguration;
			buildSettings = {
				ASSETCATALOG_COMPILER_APPICON_NAME = AppIcon;
				INFOPLIST_FILE = Nerdfeed_tutorial/Info.plist;
				LD_RUNPATH_SEARCH_PATHS = "$(inherited) @executable_path/Frameworks";
				PRODUCT_NAME = "$(TARGET_NAME)";
			};
			name = Debug;
		};
		455023CC1A381B8700001A94 /* Release */ = {
			isa = XCBuildConfiguration;
			buildSettings = {
				ASSETCATALOG_COMPILER_APPICON_NAME = AppIcon;
				INFOPLIST_FILE = Nerdfeed_tutorial/Info.plist;
				LD_RUNPATH_SEARCH_PATHS = "$(inherited) @executable_path/Frameworks";
				PRODUCT_NAME = "$(TARGET_NAME)";
			};
			name = Release;
		};
		455023CE1A381B8700001A94 /* Debug */ = {
			isa = XCBuildConfiguration;
			buildSettings = {
				BUNDLE_LOADER = "$(TEST_HOST)";
				FRAMEWORK_SEARCH_PATHS = (
					"$(SDKROOT)/Developer/Library/Frameworks",
					"$(inherited)",
				);
				GCC_PREPROCESSOR_DEFINITIONS = (
					"DEBUG=1",
					"$(inherited)",
				);
				INFOPLIST_FILE = Nerdfeed_tutorialTests/Info.plist;
				LD_RUNPATH_SEARCH_PATHS = "$(inherited) @executable_path/Frameworks @loader_path/Frameworks";
				PRODUCT_NAME = "$(TARGET_NAME)";
				TEST_HOST = "$(BUILT_PRODUCTS_DIR)/Nerdfeed_tutorial.app/Nerdfeed_tutorial";
			};
			name = Debug;
		};
		455023CF1A381B8700001A94 /* Release */ = {
			isa = XCBuildConfiguration;
			buildSettings = {
				BUNDLE_LOADER = "$(TEST_HOST)";
				FRAMEWORK_SEARCH_PATHS = (
					"$(SDKROOT)/Developer/Library/Frameworks",
					"$(inherited)",
				);
				INFOPLIST_FILE = Nerdfeed_tutorialTests/Info.plist;
				LD_RUNPATH_SEARCH_PATHS = "$(inherited) @executable_path/Frameworks @loader_path/Frameworks";
				PRODUCT_NAME = "$(TARGET_NAME)";
				TEST_HOST = "$(BUILT_PRODUCTS_DIR)/Nerdfeed_tutorial.app/Nerdfeed_tutorial";
			};
			name = Release;
		};
/* End XCBuildConfiguration section */

/* Begin XCConfigurationList section */
		455023A21A381B8600001A94 /* Build configuration list for PBXProject "Nerdfeed_tutorial" */ = {
			isa = XCConfigurationList;
			buildConfigurations = (
				455023C81A381B8700001A94 /* Debug */,
				455023C91A381B8700001A94 /* Release */,
			);
			defaultConfigurationIsVisible = 0;
			defaultConfigurationName = Release;
		};
		455023CA1A381B8700001A94 /* Build configuration list for PBXNativeTarget "Nerdfeed_tutorial" */ = {
			isa = XCConfigurationList;
			buildConfigurations = (
				455023CB1A381B8700001A94 /* Debug */,
				455023CC1A381B8700001A94 /* Release */,
			);
			defaultConfigurationIsVisible = 0;
		};
		455023CD1A381B8700001A94 /* Build configuration list for PBXNativeTarget "Nerdfeed_tutorialTests" */ = {
			isa = XCConfigurationList;
			buildConfigurations = (
				455023CE1A381B8700001A94 /* Debug */,
				455023CF1A381B8700001A94 /* Release */,
			);
			defaultConfigurationIsVisible = 0;
		};
/* End XCConfigurationList section */
	};
	rootObject = 4550239F1A381B8600001A94 /* Project object */;
}
